
Microsoft Visual Studio Solution File, Format Version 12.00
# Visual Studio Version 17
VisualStudioVersion = 17.5.002.0
MinimumVisualStudioVersion = 10.0.40219.1
Project("{9A19103F-16F7-4668-BE54-9A1E7A4F7556}") = "practica7-Rciat05", "practica7-Rciat05.csproj", "{798AD9C6-4A23-463E-8AC2-CC1F57EFF12E}"
EndProject
Global
	GlobalSection(SolutionConfigurationPlatforms) = preSolution
		Debug|Any CPU = Debug|Any CPU
		Release|Any CPU = Release|Any CPU
	EndGlobalSection
	GlobalSection(ProjectConfigurationPlatforms) = postSolution
		{798AD9C6-4A23-463E-8AC2-CC1F57EFF12E}.Debug|Any CPU.ActiveCfg = Debug|Any CPU
		{798AD9C6-4A23-463E-8AC2-CC1F57EFF12E}.Debug|Any CPU.Build.0 = Debug|Any CPU
		{798AD9C6-4A23-463E-8AC2-CC1F57EFF12E}.Release|Any CPU.ActiveCfg = Release|Any CPU
		{798AD9C6-4A23-463E-8AC2-CC1F57EFF12E}.Release|Any CPU.Build.0 = Release|Any CPU
	EndGlobalSection
	GlobalSection(SolutionProperties) = preSolution
		HideSolutionNode = FALSE
	EndGlobalSection
	GlobalSection(ExtensibilityGlobals) = postSolution
		SolutionGuid = {00B88CBF-9D9C-4930-81BC-00E8DED789BC}
	EndGlobalSection
EndGlobal
